
Microsoft Visual Studio Solution File, Format Version 12.00
# Visual Studio 14
VisualStudioVersion = 14.0.24720.0
MinimumVisualStudioVersion = 10.0.40219.1
Project("{FAE04EC0-301F-11D3-BF4B-00C04F79EFBC}") = "DateYourPictures", "DateYourPictures\DateYourPictures.csproj", "{59025417-C990-44E0-91F9-28F2F5931867}"
EndProject
Project("{FAE04EC0-301F-11D3-BF4B-00C04F79EFBC}") = "DateYourPictures.Tests", "DateYourPictures.Tests\DateYourPictures.Tests.csproj", "{01667852-1EF8-4013-9DB1-DAF4A1793233}"
EndProject
Project("{FAE04EC0-301F-11D3-BF4B-00C04F79EFBC}") = "DateYourPictures.Console", "DateYourPictures.Console\DateYourPictures.Console.csproj", "{60B12E81-E18D-496F-AC38-DA15A92F3C06}"
EndProject
Global
	GlobalSection(SolutionConfigurationPlatforms) = preSolution
		Debug|Any CPU = Debug|Any CPU
		Release|Any CPU = Release|Any CPU
	EndGlobalSection
	GlobalSection(ProjectConfigurationPlatforms) = postSolution
		{59025417-C990-44E0-91F9-28F2F5931867}.Debug|Any CPU.ActiveCfg = Debug|Any CPU
		{59025417-C990-44E0-91F9-28F2F5931867}.Debug|Any CPU.Build.0 = Debug|Any CPU
		{59025417-C990-44E0-91F9-28F2F5931867}.Release|Any CPU.ActiveCfg = Release|Any CPU
		{59025417-C990-44E0-91F9-28F2F5931867}.Release|Any CPU.Build.0 = Release|Any CPU
		{01667852-1EF8-4013-9DB1-DAF4A1793233}.Debug|Any CPU.ActiveCfg = Debug|Any CPU
		{01667852-1EF8-4013-9DB1-DAF4A1793233}.Debug|Any CPU.Build.0 = Debug|Any CPU
		{01667852-1EF8-4013-9DB1-DAF4A1793233}.Release|Any CPU.ActiveCfg = Release|Any CPU
		{01667852-1EF8-4013-9DB1-DAF4A1793233}.Release|Any CPU.Build.0 = Release|Any CPU
		{60B12E81-E18D-496F-AC38-DA15A92F3C06}.Debug|Any CPU.ActiveCfg = Debug|Any CPU
		{60B12E81-E18D-496F-AC38-DA15A92F3C06}.Debug|Any CPU.Build.0 = Debug|Any CPU
		{60B12E81-E18D-496F-AC38-DA15A92F3C06}.Release|Any CPU.ActiveCfg = Release|Any CPU
		{60B12E81-E18D-496F-AC38-DA15A92F3C06}.Release|Any CPU.Build.0 = Release|Any CPU
	EndGlobalSection
	GlobalSection(SolutionProperties) = preSolution
		HideSolutionNode = FALSE
	EndGlobalSection
EndGlobal
